// !$*UTF8*$!
{
	archiveVersion = 1;
	classes = {
	};
	objectVersion = 50;
	objects = {

/* Begin PBXBuildFile section */
		B929627027C4D87800391364 /* MapBalloon.swift in Sources */ = {isa = PBXBuildFile; fileRef = B929626F27C4D87800391364 /* MapBalloon.swift */; };
		B929627227C4D9F300391364 /* DAnnotation.swift in Sources */ = {isa = PBXBuildFile; fileRef = B929627127C4D9F300391364 /* DAnnotation.swift */; };
		B929627427C4ED3600391364 /* DMapViewModel.swift in Sources */ = {isa = PBXBuildFile; fileRef = B929627327C4ED3600391364 /* DMapViewModel.swift */; };
		B929627627C4EE2800391364 /* LocationDetailViewModel.swift in Sources */ = {isa = PBXBuildFile; fileRef = B929627527C4EE2800391364 /* LocationDetailViewModel.swift */; };
		B929627827C4EECB00391364 /* LocationManager.swift in Sources */ = {isa = PBXBuildFile; fileRef = B929627727C4EECB00391364 /* LocationManager.swift */; };
		B929629C27C5014F00391364 /* Color.Ext.swift in Sources */ = {isa = PBXBuildFile; fileRef = B929629B27C5014F00391364 /* Color.Ext.swift */; };
		B929629E27C5023600391364 /* AppTabView.swift in Sources */ = {isa = PBXBuildFile; fileRef = B929629D27C5023600391364 /* AppTabView.swift */; };
		B92962A327C50F2700391364 /* Constants.swift in Sources */ = {isa = PBXBuildFile; fileRef = B92962A227C50F2700391364 /* Constants.swift */; };
		B92962A527C50FAC00391364 /* CKAsset+Ext.swift in Sources */ = {isa = PBXBuildFile; fileRef = B92962A427C50FAC00391364 /* CKAsset+Ext.swift */; };
		B95DC0AA27C63F56008EC3E9 /* OnBoardView.swift in Sources */ = {isa = PBXBuildFile; fileRef = B95DC0A927C63F56008EC3E9 /* OnBoardView.swift */; };
		B97FF7FF27C41C5800EC3884 /* DMapView.swift in Sources */ = {isa = PBXBuildFile; fileRef = B97FF7FE27C41C5800EC3884 /* DMapView.swift */; };
		B9D68BD227C788A200CB4AA9 /* RatingManager.swift in Sources */ = {isa = PBXBuildFile; fileRef = B9D68BD127C788A200CB4AA9 /* RatingManager.swift */; };
		B9DF3C8626DD624D0052B466 /* DostoevskyApp.swift in Sources */ = {isa = PBXBuildFile; fileRef = B9DF3C8526DD624D0052B466 /* DostoevskyApp.swift */; };
		B9DF3C8A26DD624E0052B466 /* Assets.xcassets in Resources */ = {isa = PBXBuildFile; fileRef = B9DF3C8926DD624E0052B466 /* Assets.xcassets */; };
		B9DF3C8D26DD624E0052B466 /* Preview Assets.xcassets in Resources */ = {isa = PBXBuildFile; fileRef = B9DF3C8C26DD624E0052B466 /* Preview Assets.xcassets */; };
		B9DF3C9726DD62700052B466 /* CloudKit.framework in Frameworks */ = {isa = PBXBuildFile; fileRef = B9DF3C9626DD62700052B466 /* CloudKit.framework */; };
		B9DF3C9926DD62D40052B466 /* MainListView.swift in Sources */ = {isa = PBXBuildFile; fileRef = B9DF3C9826DD62D40052B466 /* MainListView.swift */; };
		B9DF3C9B26DD62F60052B466 /* DLocations.swift in Sources */ = {isa = PBXBuildFile; fileRef = B9DF3C9A26DD62F60052B466 /* DLocations.swift */; };
		B9DF3C9D26DD6A820052B466 /* MockData.swift in Sources */ = {isa = PBXBuildFile; fileRef = B9DF3C9C26DD6A820052B466 /* MockData.swift */; };
		B9DF3C9F26DD6DC70052B466 /* LocationCell.swift in Sources */ = {isa = PBXBuildFile; fileRef = B9DF3C9E26DD6DC70052B466 /* LocationCell.swift */; };
		B9DF3CA126DD6F900052B466 /* CloudKitManager.swift in Sources */ = {isa = PBXBuildFile; fileRef = B9DF3CA026DD6F900052B466 /* CloudKitManager.swift */; };
		B9DF3CA326DD763E0052B466 /* LocationDetailView.swift in Sources */ = {isa = PBXBuildFile; fileRef = B9DF3CA226DD763E0052B466 /* LocationDetailView.swift */; };
/* End PBXBuildFile section */

/* Begin PBXFileReference section */
		B929626F27C4D87800391364 /* MapBalloon.swift */ = {isa = PBXFileReference; lastKnownFileType = sourcecode.swift; path = MapBalloon.swift; sourceTree = "<group>"; };
		B929627127C4D9F300391364 /* DAnnotation.swift */ = {isa = PBXFileReference; lastKnownFileType = sourcecode.swift; path = DAnnotation.swift; sourceTree = "<group>"; };
		B929627327C4ED3600391364 /* DMapViewModel.swift */ = {isa = PBXFileReference; lastKnownFileType = sourcecode.swift; path = DMapViewModel.swift; sourceTree = "<group>"; };
		B929627527C4EE2800391364 /* LocationDetailViewModel.swift */ = {isa = PBXFileReference; lastKnownFileType = sourcecode.swift; path = LocationDetailViewModel.swift; sourceTree = "<group>"; };
		B929627727C4EECB00391364 /* LocationManager.swift */ = {isa = PBXFileReference; lastKnownFileType = sourcecode.swift; path = LocationManager.swift; sourceTree = "<group>"; };
		B929629B27C5014F00391364 /* Color.Ext.swift */ = {isa = PBXFileReference; lastKnownFileType = sourcecode.swift; path = Color.Ext.swift; sourceTree = "<group>"; };
		B929629D27C5023600391364 /* AppTabView.swift */ = {isa = PBXFileReference; lastKnownFileType = sourcecode.swift; path = AppTabView.swift; sourceTree = "<group>"; };
		B92962A227C50F2700391364 /* Constants.swift */ = {isa = PBXFileReference; lastKnownFileType = sourcecode.swift; path = Constants.swift; sourceTree = "<group>"; };
		B92962A427C50FAC00391364 /* CKAsset+Ext.swift */ = {isa = PBXFileReference; lastKnownFileType = sourcecode.swift; path = "CKAsset+Ext.swift"; sourceTree = "<group>"; };
		B95DC0A927C63F56008EC3E9 /* OnBoardView.swift */ = {isa = PBXFileReference; lastKnownFileType = sourcecode.swift; path = OnBoardView.swift; sourceTree = "<group>"; };
		B97FF7FE27C41C5800EC3884 /* DMapView.swift */ = {isa = PBXFileReference; lastKnownFileType = sourcecode.swift; path = DMapView.swift; sourceTree = "<group>"; };
		B9D68BD127C788A200CB4AA9 /* RatingManager.swift */ = {isa = PBXFileReference; lastKnownFileType = sourcecode.swift; path = RatingManager.swift; sourceTree = "<group>"; };
		B9DF3C8226DD624D0052B466 /* Dostoevsky.app */ = {isa = PBXFileReference; explicitFileType = wrapper.application; includeInIndex = 0; path = Dostoevsky.app; sourceTree = BUILT_PRODUCTS_DIR; };
		B9DF3C8526DD624D0052B466 /* DostoevskyApp.swift */ = {isa = PBXFileReference; lastKnownFileType = sourcecode.swift; path = DostoevskyApp.swift; sourceTree = "<group>"; };
		B9DF3C8926DD624E0052B466 /* Assets.xcassets */ = {isa = PBXFileReference; lastKnownFileType = folder.assetcatalog; path = Assets.xcassets; sourceTree = "<group>"; };
		B9DF3C8C26DD624E0052B466 /* Preview Assets.xcassets */ = {isa = PBXFileReference; lastKnownFileType = folder.assetcatalog; path = "Preview Assets.xcassets"; sourceTree = "<group>"; };
		B9DF3C8E26DD624E0052B466 /* Info.plist */ = {isa = PBXFileReference; lastKnownFileType = text.plist.xml; path = Info.plist; sourceTree = "<group>"; };
		B9DF3C9426DD626A0052B466 /* Dostoevsky.entitlements */ = {isa = PBXFileReference; lastKnownFileType = text.plist.entitlements; path = Dostoevsky.entitlements; sourceTree = "<group>"; };
		B9DF3C9626DD62700052B466 /* CloudKit.framework */ = {isa = PBXFileReference; lastKnownFileType = wrapper.framework; name = CloudKit.framework; path = System/Library/Frameworks/CloudKit.framework; sourceTree = SDKROOT; };
		B9DF3C9826DD62D40052B466 /* MainListView.swift */ = {isa = PBXFileReference; lastKnownFileType = sourcecode.swift; path = MainListView.swift; sourceTree = "<group>"; };
		B9DF3C9A26DD62F60052B466 /* DLocations.swift */ = {isa = PBXFileReference; lastKnownFileType = sourcecode.swift; path = DLocations.swift; sourceTree = "<group>"; };
		B9DF3C9C26DD6A820052B466 /* MockData.swift */ = {isa = PBXFileReference; lastKnownFileType = sourcecode.swift; path = MockData.swift; sourceTree = "<group>"; };
		B9DF3C9E26DD6DC70052B466 /* LocationCell.swift */ = {isa = PBXFileReference; lastKnownFileType = sourcecode.swift; path = LocationCell.swift; sourceTree = "<group>"; };
		B9DF3CA026DD6F900052B466 /* CloudKitManager.swift */ = {isa = PBXFileReference; lastKnownFileType = sourcecode.swift; path = CloudKitManager.swift; sourceTree = "<group>"; };
		B9DF3CA226DD763E0052B466 /* LocationDetailView.swift */ = {isa = PBXFileReference; lastKnownFileType = sourcecode.swift; path = LocationDetailView.swift; sourceTree = "<group>"; };
/* End PBXFileReference section */

/* Begin PBXFrameworksBuildPhase section */
		B9DF3C7F26DD624D0052B466 /* Frameworks */ = {
			isa = PBXFrameworksBuildPhase;
			buildActionMask = 2147483647;
			files = (
				B9DF3C9726DD62700052B466 /* CloudKit.framework in Frameworks */,
			);
			runOnlyForDeploymentPostprocessing = 0;
		};
/* End PBXFrameworksBuildPhase section */

/* Begin PBXGroup section */
		B929629F27C502FD00391364 /* Screens */ = {
			isa = PBXGroup;
			children = (
				B929629D27C5023600391364 /* AppTabView.swift */,
				B92962A127C5066D00391364 /* LocationDetailView */,
				B92962A027C5066000391364 /* MapView */,
				B9DF3C9826DD62D40052B466 /* MainListView.swift */,
			);
			path = Screens;
			sourceTree = "<group>";
		};
		B92962A027C5066000391364 /* MapView */ = {
			isa = PBXGroup;
			children = (
				B929627327C4ED3600391364 /* DMapViewModel.swift */,
				B97FF7FE27C41C5800EC3884 /* DMapView.swift */,
			);
			path = MapView;
			sourceTree = "<group>";
		};
		B92962A127C5066D00391364 /* LocationDetailView */ = {
			isa = PBXGroup;
			children = (
				B9DF3CA226DD763E0052B466 /* LocationDetailView.swift */,
				B929627527C4EE2800391364 /* LocationDetailViewModel.swift */,
			);
			path = LocationDetailView;
			sourceTree = "<group>";
		};
		B9DF3C7926DD624D0052B466 = {
			isa = PBXGroup;
			children = (
				B9D68BD127C788A200CB4AA9 /* RatingManager.swift */,
				B95DC0A927C63F56008EC3E9 /* OnBoardView.swift */,
				B9DF3C8426DD624D0052B466 /* Dostoevsky */,
				B9DF3C8326DD624D0052B466 /* Products */,
				B9DF3C9526DD62700052B466 /* Frameworks */,
			);
			sourceTree = "<group>";
		};
		B9DF3C8326DD624D0052B466 /* Products */ = {
			isa = PBXGroup;
			children = (
				B9DF3C8226DD624D0052B466 /* Dostoevsky.app */,
			);
			name = Products;
			sourceTree = "<group>";
		};
		B9DF3C8426DD624D0052B466 /* Dostoevsky */ = {
			isa = PBXGroup;
			children = (
				B929629F27C502FD00391364 /* Screens */,
				B9DF3C9426DD626A0052B466 /* Dostoevsky.entitlements */,
				B9DF3C8526DD624D0052B466 /* DostoevskyApp.swift */,
				B9DF3C8926DD624E0052B466 /* Assets.xcassets */,
				B9DF3C8E26DD624E0052B466 /* Info.plist */,
				B9DF3C8B26DD624E0052B466 /* Preview Content */,
				B9DF3C9A26DD62F60052B466 /* DLocations.swift */,
				B9DF3C9C26DD6A820052B466 /* MockData.swift */,
				B9DF3C9E26DD6DC70052B466 /* LocationCell.swift */,
				B9DF3CA026DD6F900052B466 /* CloudKitManager.swift */,
				B929626F27C4D87800391364 /* MapBalloon.swift */,
				B929627127C4D9F300391364 /* DAnnotation.swift */,
				B929627727C4EECB00391364 /* LocationManager.swift */,
				B929629B27C5014F00391364 /* Color.Ext.swift */,
				B92962A227C50F2700391364 /* Constants.swift */,
				B92962A427C50FAC00391364 /* CKAsset+Ext.swift */,
			);
			path = Dostoevsky;
			sourceTree = "<group>";
		};
		B9DF3C8B26DD624E0052B466 /* Preview Content */ = {
			isa = PBXGroup;
			children = (
				B9DF3C8C26DD624E0052B466 /* Preview Assets.xcassets */,
			);
			path = "Preview Content";
			sourceTree = "<group>";
		};
		B9DF3C9526DD62700052B466 /* Frameworks */ = {
			isa = PBXGroup;
			children = (
				B9DF3C9626DD62700052B466 /* CloudKit.framework */,
			);
			name = Frameworks;
			sourceTree = "<group>";
		};
/* End PBXGroup section */

/* Begin PBXNativeTarget section */
		B9DF3C8126DD624D0052B466 /* Dostoevsky */ = {
			isa = PBXNativeTarget;
			buildConfigurationList = B9DF3C9126DD624E0052B466 /* Build configuration list for PBXNativeTarget "Dostoevsky" */;
			buildPhases = (
				B9DF3C7E26DD624D0052B466 /* Sources */,
				B9DF3C7F26DD624D0052B466 /* Frameworks */,
				B9DF3C8026DD624D0052B466 /* Resources */,
			);
			buildRules = (
			);
			dependencies = (
			);
			name = Dostoevsky;
			productName = Dostoevsky;
			productReference = B9DF3C8226DD624D0052B466 /* Dostoevsky.app */;
			productType = "com.apple.product-type.application";
		};
/* End PBXNativeTarget section */

/* Begin PBXProject section */
		B9DF3C7A26DD624D0052B466 /* Project object */ = {
			isa = PBXProject;
			attributes = {
				LastSwiftUpdateCheck = 1250;
				LastUpgradeCheck = 1250;
				TargetAttributes = {
					B9DF3C8126DD624D0052B466 = {
						CreatedOnToolsVersion = 12.5.1;
					};
				};
			};
			buildConfigurationList = B9DF3C7D26DD624D0052B466 /* Build configuration list for PBXProject "Dostoevsky" */;
			compatibilityVersion = "Xcode 9.3";
			developmentRegion = en;
			hasScannedForEncodings = 0;
			knownRegions = (
				en,
				Base,
			);
			mainGroup = B9DF3C7926DD624D0052B466;
			productRefGroup = B9DF3C8326DD624D0052B466 /* Products */;
			projectDirPath = "";
			projectRoot = "";
			targets = (
				B9DF3C8126DD624D0052B466 /* Dostoevsky */,
			);
		};
/* End PBXProject section */

/* Begin PBXResourcesBuildPhase section */
		B9DF3C8026DD624D0052B466 /* Resources */ = {
			isa = PBXResourcesBuildPhase;
			buildActionMask = 2147483647;
			files = (
				B9DF3C8D26DD624E0052B466 /* Preview Assets.xcassets in Resources */,
				B9DF3C8A26DD624E0052B466 /* Assets.xcassets in Resources */,
			);
			runOnlyForDeploymentPostprocessing = 0;
		};
/* End PBXResourcesBuildPhase section */

/* Begin PBXSourcesBuildPhase section */
		B9DF3C7E26DD624D0052B466 /* Sources */ = {
			isa = PBXSourcesBuildPhase;
			buildActionMask = 2147483647;
			files = (
				B929627427C4ED3600391364 /* DMapViewModel.swift in Sources */,
				B9DF3C9B26DD62F60052B466 /* DLocations.swift in Sources */,
				B9DF3C9F26DD6DC70052B466 /* LocationCell.swift in Sources */,
				B9DF3CA126DD6F900052B466 /* CloudKitManager.swift in Sources */,
				B929629C27C5014F00391364 /* Color.Ext.swift in Sources */,
				B929627627C4EE2800391364 /* LocationDetailViewModel.swift in Sources */,
				B929627227C4D9F300391364 /* DAnnotation.swift in Sources */,
				B92962A327C50F2700391364 /* Constants.swift in Sources */,
				B95DC0AA27C63F56008EC3E9 /* OnBoardView.swift in Sources */,
				B9DF3CA326DD763E0052B466 /* LocationDetailView.swift in Sources */,
				B9D68BD227C788A200CB4AA9 /* RatingManager.swift in Sources */,
				B9DF3C9D26DD6A820052B466 /* MockData.swift in Sources */,
				B929629E27C5023600391364 /* AppTabView.swift in Sources */,
				B9DF3C8626DD624D0052B466 /* DostoevskyApp.swift in Sources */,
				B92962A527C50FAC00391364 /* CKAsset+Ext.swift in Sources */,
				B929627027C4D87800391364 /* MapBalloon.swift in Sources */,
				B97FF7FF27C41C5800EC3884 /* DMapView.swift in Sources */,
				B9DF3C9926DD62D40052B466 /* MainListView.swift in Sources */,
				B929627827C4EECB00391364 /* LocationManager.swift in Sources */,
			);
			runOnlyForDeploymentPostprocessing = 0;
		};
/* End PBXSourcesBuildPhase section */

/* Begin XCBuildConfiguration section */
		B9DF3C8F26DD624E0052B466 /* Debug */ = {
			isa = XCBuildConfiguration;
			buildSettings = {
				ALWAYS_SEARCH_USER_PATHS = NO;
				CLANG_ANALYZER_NONNULL = YES;
				CLANG_ANALYZER_NUMBER_OBJECT_CONVERSION = YES_AGGRESSIVE;
				CLANG_CXX_LANGUAGE_STANDARD = "gnu++14";
				CLANG_CXX_LIBRARY = "libc++";
				CLANG_ENABLE_MODULES = YES;
				CLANG_ENABLE_OBJC_ARC = YES;
				CLANG_ENABLE_OBJC_WEAK = YES;
				CLANG_WARN_BLOCK_CAPTURE_AUTORELEASING = YES;
				CLANG_WARN_BOOL_CONVERSION = YES;
				CLANG_WARN_COMMA = YES;
				CLANG_WARN_CONSTANT_CONVERSION = YES;
				CLANG_WARN_DEPRECATED_OBJC_IMPLEMENTATIONS = YES;
				CLANG_WARN_DIRECT_OBJC_ISA_USAGE = YES_ERROR;
				CLANG_WARN_DOCUMENTATION_COMMENTS = YES;
				CLANG_WARN_EMPTY_BODY = YES;
				CLANG_WARN_ENUM_CONVERSION = YES;
				CLANG_WARN_INFINITE_RECURSION = YES;
				CLANG_WARN_INT_CONVERSION = YES;
				CLANG_WARN_NON_LITERAL_NULL_CONVERSION = YES;
				CLANG_WARN_OBJC_IMPLICIT_RETAIN_SELF = YES;
				CLANG_WARN_OBJC_LITERAL_CONVERSION = YES;
				CLANG_WARN_OBJC_ROOT_CLASS = YES_ERROR;
				CLANG_WARN_QUOTED_INCLUDE_IN_FRAMEWORK_HEADER = YES;
				CLANG_WARN_RANGE_LOOP_ANALYSIS = YES;
				CLANG_WARN_STRICT_PROTOTYPES = YES;
				CLANG_WARN_SUSPICIOUS_MOVE = YES;
				CLANG_WARN_UNGUARDED_AVAILABILITY = YES_AGGRESSIVE;
				CLANG_WARN_UNREACHABLE_CODE = YES;
				CLANG_WARN__DUPLICATE_METHOD_MATCH = YES;
				COPY_PHASE_STRIP = NO;
				DEBUG_INFORMATION_FORMAT = dwarf;
				ENABLE_STRICT_OBJC_MSGSEND = YES;
				ENABLE_TESTABILITY = YES;
				GCC_C_LANGUAGE_STANDARD = gnu11;
				GCC_DYNAMIC_NO_PIC = NO;
				GCC_NO_COMMON_BLOCKS = YES;
				GCC_OPTIMIZATION_LEVEL = 0;
				GCC_PREPROCESSOR_DEFINITIONS = (
					"DEBUG=1",
					"$(inherited)",
				);
				GCC_WARN_64_TO_32_BIT_CONVERSION = YES;
				GCC_WARN_ABOUT_RETURN_TYPE = YES_ERROR;
				GCC_WARN_UNDECLARED_SELECTOR = YES;
				GCC_WARN_UNINITIALIZED_AUTOS = YES_AGGRESSIVE;
				GCC_WARN_UNUSED_FUNCTION = YES;
				GCC_WARN_UNUSED_VARIABLE = YES;
				IPHONEOS_DEPLOYMENT_TARGET = 14.5;
				MTL_ENABLE_DEBUG_INFO = INCLUDE_SOURCE;
				MTL_FAST_MATH = YES;
				ONLY_ACTIVE_ARCH = YES;
				SDKROOT = iphoneos;
				SWIFT_ACTIVE_COMPILATION_CONDITIONS = DEBUG;
				SWIFT_OPTIMIZATION_LEVEL = "-Onone";
			};
			name = Debug;
		};
		B9DF3C9026DD624E0052B466 /* Release */ = {
			isa = XCBuildConfiguration;
			buildSettings = {
				ALWAYS_SEARCH_USER_PATHS = NO;
				CLANG_ANALYZER_NONNULL = YES;
				CLANG_ANALYZER_NUMBER_OBJECT_CONVERSION = YES_AGGRESSIVE;
				CLANG_CXX_LANGUAGE_STANDARD = "gnu++14";
				CLANG_CXX_LIBRARY = "libc++";
				CLANG_ENABLE_MODULES = YES;
				CLANG_ENABLE_OBJC_ARC = YES;
				CLANG_ENABLE_OBJC_WEAK = YES;
				CLANG_WARN_BLOCK_CAPTURE_AUTORELEASING = YES;
				CLANG_WARN_BOOL_CONVERSION = YES;
				CLANG_WARN_COMMA = YES;
				CLANG_WARN_CONSTANT_CONVERSION = YES;
				CLANG_WARN_DEPRECATED_OBJC_IMPLEMENTATIONS = YES;
				CLANG_WARN_DIRECT_OBJC_ISA_USAGE = YES_ERROR;
				CLANG_WARN_DOCUMENTATION_COMMENTS = YES;
				CLANG_WARN_EMPTY_BODY = YES;
				CLANG_WARN_ENUM_CONVERSION = YES;
				CLANG_WARN_INFINITE_RECURSION = YES;
				CLANG_WARN_INT_CONVERSION = YES;
				CLANG_WARN_NON_LITERAL_NULL_CONVERSION = YES;
				CLANG_WARN_OBJC_IMPLICIT_RETAIN_SELF = YES;
				CLANG_WARN_OBJC_LITERAL_CONVERSION = YES;
				CLANG_WARN_OBJC_ROOT_CLASS = YES_ERROR;
				CLANG_WARN_QUOTED_INCLUDE_IN_FRAMEWORK_HEADER = YES;
				CLANG_WARN_RANGE_LOOP_ANALYSIS = YES;
				CLANG_WARN_STRICT_PROTOTYPES = YES;
				CLANG_WARN_SUSPICIOUS_MOVE = YES;
				CLANG_WARN_UNGUARDED_AVAILABILITY = YES_AGGRESSIVE;
				CLANG_WARN_UNREACHABLE_CODE = YES;
				CLANG_WARN__DUPLICATE_METHOD_MATCH = YES;
				COPY_PHASE_STRIP = NO;
				DEBUG_INFORMATION_FORMAT = "dwarf-with-dsym";
				ENABLE_NS_ASSERTIONS = NO;
				ENABLE_STRICT_OBJC_MSGSEND = YES;
				GCC_C_LANGUAGE_STANDARD = gnu11;
				GCC_NO_COMMON_BLOCKS = YES;
				GCC_WARN_64_TO_32_BIT_CONVERSION = YES;
				GCC_WARN_ABOUT_RETURN_TYPE = YES_ERROR;
				GCC_WARN_UNDECLARED_SELECTOR = YES;
				GCC_WARN_UNINITIALIZED_AUTOS = YES_AGGRESSIVE;
				GCC_WARN_UNUSED_FUNCTION = YES;
				GCC_WARN_UNUSED_VARIABLE = YES;
				IPHONEOS_DEPLOYMENT_TARGET = 14.5;
				MTL_ENABLE_DEBUG_INFO = NO;
				MTL_FAST_MATH = YES;
				SDKROOT = iphoneos;
				SWIFT_COMPILATION_MODE = wholemodule;
				SWIFT_OPTIMIZATION_LEVEL = "-O";
				VALIDATE_PRODUCT = YES;
			};
			name = Release;
		};
		B9DF3C9226DD624E0052B466 /* Debug */ = {
			isa = XCBuildConfiguration;
			buildSettings = {
				ASSETCATALOG_COMPILER_APPICON_NAME = AppIcon;
				ASSETCATALOG_COMPILER_GLOBAL_ACCENT_COLOR_NAME = AccentColor;
				CODE_SIGN_ENTITLEMENTS = Dostoevsky/Dostoevsky.entitlements;
				CODE_SIGN_STYLE = Automatic;
				DEVELOPMENT_ASSET_PATHS = "\"Dostoevsky/Preview Content\"";
				DEVELOPMENT_TEAM = V9453FD64D;
				ENABLE_PREVIEWS = YES;
				INFOPLIST_FILE = Dostoevsky/Info.plist;
				IPHONEOS_DEPLOYMENT_TARGET = 14.0;
				LD_RUNPATH_SEARCH_PATHS = (
					"$(inherited)",
					"@executable_path/Frameworks",
				);
				PRODUCT_BUNDLE_IDENTIFIER = com.gierljn.Dostoevsky;
				PRODUCT_NAME = "$(TARGET_NAME)";
				SWIFT_VERSION = 5.0;
				TARGETED_DEVICE_FAMILY = "1,2";
			};
			name = Debug;
		};
		B9DF3C9326DD624E0052B466 /* Release */ = {
			isa = XCBuildConfiguration;
			buildSettings = {
				ASSETCATALOG_COMPILER_APPICON_NAME = AppIcon;
				ASSETCATALOG_COMPILER_GLOBAL_ACCENT_COLOR_NAME = AccentColor;
				CODE_SIGN_ENTITLEMENTS = Dostoevsky/Dostoevsky.entitlements;
				CODE_SIGN_STYLE = Automatic;
				DEVELOPMENT_ASSET_PATHS = "\"Dostoevsky/Preview Content\"";
				DEVELOPMENT_TEAM = V9453FD64D;
				ENABLE_PREVIEWS = YES;
				INFOPLIST_FILE = Dostoevsky/Info.plist;
				IPHONEOS_DEPLOYMENT_TARGET = 14.0;
				LD_RUNPATH_SEARCH_PATHS = (
					"$(inherited)",
					"@executable_path/Frameworks",
				);
				PRODUCT_BUNDLE_IDENTIFIER = com.gierljn.Dostoevsky;
				PRODUCT_NAME = "$(TARGET_NAME)";
				SWIFT_VERSION = 5.0;
				TARGETED_DEVICE_FAMILY = "1,2";
			};
			name = Release;
		};
/* End XCBuildConfiguration section */

/* Begin XCConfigurationList section */
		B9DF3C7D26DD624D0052B466 /* Build configuration list for PBXProject "Dostoevsky" */ = {
			isa = XCConfigurationList;
			buildConfigurations = (
				B9DF3C8F26DD624E0052B466 /* Debug */,
				B9DF3C9026DD624E0052B466 /* Release */,
			);
			defaultConfigurationIsVisible = 0;
			defaultConfigurationName = Release;
		};
		B9DF3C9126DD624E0052B466 /* Build configuration list for PBXNativeTarget "Dostoevsky" */ = {
			isa = XCConfigurationList;
			buildConfigurations = (
				B9DF3C9226DD624E0052B466 /* Debug */,
				B9DF3C9326DD624E0052B466 /* Release */,
			);
			defaultConfigurationIsVisible = 0;
			defaultConfigurationName = Release;
		};
/* End XCConfigurationList section */
	};
	rootObject = B9DF3C7A26DD624D0052B466 /* Project object */;
}
